
Microsoft Visual Studio Solution File, Format Version 12.00
# Visual Studio Version 17
VisualStudioVersion = 17.3.32929.385
MinimumVisualStudioVersion = 10.0.40219.1
Project("{9A19103F-16F7-4668-BE54-9A1E7A4F7556}") = "ValueConverter", "ValueConverter.csproj", "{27DDA07B-2A68-4387-B1EE-C7C3103D1161}"
EndProject
Global
	GlobalSection(SolutionConfigurationPlatforms) = preSolution
		Debug|Any CPU = Debug|Any CPU
		Release|Any CPU = Release|Any CPU
	EndGlobalSection
	GlobalSection(ProjectConfigurationPlatforms) = postSolution
		{27DDA07B-2A68-4387-B1EE-C7C3103D1161}.Debug|Any CPU.ActiveCfg = Debug|Any CPU
		{27DDA07B-2A68-4387-B1EE-C7C3103D1161}.Debug|Any CPU.Build.0 = Debug|Any CPU
		{27DDA07B-2A68-4387-B1EE-C7C3103D1161}.Release|Any CPU.ActiveCfg = Release|Any CPU
		{27DDA07B-2A68-4387-B1EE-C7C3103D1161}.Release|Any CPU.Build.0 = Release|Any CPU
	EndGlobalSection
	GlobalSection(SolutionProperties) = preSolution
		HideSolutionNode = FALSE
	EndGlobalSection
	GlobalSection(ExtensibilityGlobals) = postSolution
		SolutionGuid = {35300375-1D6C-4B14-8CB5-CD09CB099C70}
	EndGlobalSection
EndGlobal
